// !$*UTF8*$!
{
	archiveVersion = 1;
	classes = {
	};
	objectVersion = 56;
	objects = {

/* Begin PBXBuildFile section */
		FCC9321D2A8B537300E6AB92 /* prognosis_App.swift in Sources */ = {isa = PBXBuildFile; fileRef = FCC9321C2A8B537300E6AB92 /* prognosis_App.swift */; };
		FCC9321F2A8B537300E6AB92 /* ContentView.swift in Sources */ = {isa = PBXBuildFile; fileRef = FCC9321E2A8B537300E6AB92 /* ContentView.swift */; };
		FCC932212A8B537500E6AB92 /* Assets.xcassets in Resources */ = {isa = PBXBuildFile; fileRef = FCC932202A8B537500E6AB92 /* Assets.xcassets */; };
		FCC932242A8B537500E6AB92 /* Preview Assets.xcassets in Resources */ = {isa = PBXBuildFile; fileRef = FCC932232A8B537500E6AB92 /* Preview Assets.xcassets */; };
		FCC932262A8B537500E6AB92 /* Persistence.swift in Sources */ = {isa = PBXBuildFile; fileRef = FCC932252A8B537500E6AB92 /* Persistence.swift */; };
		FCC932292A8B537500E6AB92 /* prognosis_.xcdatamodeld in Sources */ = {isa = PBXBuildFile; fileRef = FCC932272A8B537500E6AB92 /* prognosis_.xcdatamodeld */; };
		FCC932302A8BB56300E6AB92 /* courses.swift in Sources */ = {isa = PBXBuildFile; fileRef = FCC9322F2A8BB56300E6AB92 /* courses.swift */; };
		FCC932322A8BB58800E6AB92 /* model.swift in Sources */ = {isa = PBXBuildFile; fileRef = FCC932312A8BB58800E6AB92 /* model.swift */; };
/* End PBXBuildFile section */

/* Begin PBXFileReference section */
		FCC932192A8B537300E6AB92 /* prognosis+.app */ = {isa = PBXFileReference; explicitFileType = wrapper.application; includeInIndex = 0; path = "prognosis+.app"; sourceTree = BUILT_PRODUCTS_DIR; };
		FCC9321C2A8B537300E6AB92 /* prognosis_App.swift */ = {isa = PBXFileReference; lastKnownFileType = sourcecode.swift; path = prognosis_App.swift; sourceTree = "<group>"; };
		FCC9321E2A8B537300E6AB92 /* ContentView.swift */ = {isa = PBXFileReference; lastKnownFileType = sourcecode.swift; path = ContentView.swift; sourceTree = "<group>"; };
		FCC932202A8B537500E6AB92 /* Assets.xcassets */ = {isa = PBXFileReference; lastKnownFileType = folder.assetcatalog; path = Assets.xcassets; sourceTree = "<group>"; };
		FCC932232A8B537500E6AB92 /* Preview Assets.xcassets */ = {isa = PBXFileReference; lastKnownFileType = folder.assetcatalog; path = "Preview Assets.xcassets"; sourceTree = "<group>"; };
		FCC932252A8B537500E6AB92 /* Persistence.swift */ = {isa = PBXFileReference; lastKnownFileType = sourcecode.swift; path = Persistence.swift; sourceTree = "<group>"; };
		FCC932282A8B537500E6AB92 /* prognosis_.xcdatamodel */ = {isa = PBXFileReference; lastKnownFileType = wrapper.xcdatamodel; path = prognosis_.xcdatamodel; sourceTree = "<group>"; };
		FCC9322F2A8BB56300E6AB92 /* courses.swift */ = {isa = PBXFileReference; lastKnownFileType = sourcecode.swift; path = courses.swift; sourceTree = "<group>"; };
		FCC932312A8BB58800E6AB92 /* model.swift */ = {isa = PBXFileReference; lastKnownFileType = sourcecode.swift; path = model.swift; sourceTree = "<group>"; };
/* End PBXFileReference section */

/* Begin PBXFrameworksBuildPhase section */
		FCC932162A8B537300E6AB92 /* Frameworks */ = {
			isa = PBXFrameworksBuildPhase;
			buildActionMask = 2147483647;
			files = (
			);
			runOnlyForDeploymentPostprocessing = 0;
		};
/* End PBXFrameworksBuildPhase section */

/* Begin PBXGroup section */
		FCC932102A8B537300E6AB92 = {
			isa = PBXGroup;
			children = (
				FCC9321B2A8B537300E6AB92 /* prognosis+ */,
				FCC9321A2A8B537300E6AB92 /* Products */,
			);
			sourceTree = "<group>";
		};
		FCC9321A2A8B537300E6AB92 /* Products */ = {
			isa = PBXGroup;
			children = (
				FCC932192A8B537300E6AB92 /* prognosis+.app */,
			);
			name = Products;
			sourceTree = "<group>";
		};
		FCC9321B2A8B537300E6AB92 /* prognosis+ */ = {
			isa = PBXGroup;
			children = (
				FCC9321C2A8B537300E6AB92 /* prognosis_App.swift */,
				FCC9321E2A8B537300E6AB92 /* ContentView.swift */,
				FCC932202A8B537500E6AB92 /* Assets.xcassets */,
				FCC932252A8B537500E6AB92 /* Persistence.swift */,
				FCC932272A8B537500E6AB92 /* prognosis_.xcdatamodeld */,
				FCC932222A8B537500E6AB92 /* Preview Content */,
				FCC9322F2A8BB56300E6AB92 /* courses.swift */,
				FCC932312A8BB58800E6AB92 /* model.swift */,
			);
			path = "prognosis+";
			sourceTree = "<group>";
		};
		FCC932222A8B537500E6AB92 /* Preview Content */ = {
			isa = PBXGroup;
			children = (
				FCC932232A8B537500E6AB92 /* Preview Assets.xcassets */,
			);
			path = "Preview Content";
			sourceTree = "<group>";
		};
/* End PBXGroup section */

/* Begin PBXNativeTarget section */
		FCC932182A8B537300E6AB92 /* prognosis+ */ = {
			isa = PBXNativeTarget;
			buildConfigurationList = FCC9322C2A8B537500E6AB92 /* Build configuration list for PBXNativeTarget "prognosis+" */;
			buildPhases = (
				FCC932152A8B537300E6AB92 /* Sources */,
				FCC932162A8B537300E6AB92 /* Frameworks */,
				FCC932172A8B537300E6AB92 /* Resources */,
			);
			buildRules = (
			);
			dependencies = (
			);
			name = "prognosis+";
			productName = "prognosis+";
			productReference = FCC932192A8B537300E6AB92 /* prognosis+.app */;
			productType = "com.apple.product-type.application";
		};
/* End PBXNativeTarget section */

/* Begin PBXProject section */
		FCC932112A8B537300E6AB92 /* Project object */ = {
			isa = PBXProject;
			attributes = {
				BuildIndependentTargetsInParallel = 1;
				LastSwiftUpdateCheck = 1430;
				LastUpgradeCheck = 1430;
				TargetAttributes = {
					FCC932182A8B537300E6AB92 = {
						CreatedOnToolsVersion = 14.3;
					};
				};
			};
			buildConfigurationList = FCC932142A8B537300E6AB92 /* Build configuration list for PBXProject "prognosis+" */;
			compatibilityVersion = "Xcode 14.0";
			developmentRegion = en;
			hasScannedForEncodings = 0;
			knownRegions = (
				en,
				Base,
			);
			mainGroup = FCC932102A8B537300E6AB92;
			productRefGroup = FCC9321A2A8B537300E6AB92 /* Products */;
			projectDirPath = "";
			projectRoot = "";
			targets = (
				FCC932182A8B537300E6AB92 /* prognosis+ */,
			);
		};
/* End PBXProject section */

/* Begin PBXResourcesBuildPhase section */
		FCC932172A8B537300E6AB92 /* Resources */ = {
			isa = PBXResourcesBuildPhase;
			buildActionMask = 2147483647;
			files = (
				FCC932242A8B537500E6AB92 /* Preview Assets.xcassets in Resources */,
				FCC932212A8B537500E6AB92 /* Assets.xcassets in Resources */,
			);
			runOnlyForDeploymentPostprocessing = 0;
		};
/* End PBXResourcesBuildPhase section */

/* Begin PBXSourcesBuildPhase section */
		FCC932152A8B537300E6AB92 /* Sources */ = {
			isa = PBXSourcesBuildPhase;
			buildActionMask = 2147483647;
			files = (
				FCC932262A8B537500E6AB92 /* Persistence.swift in Sources */,
				FCC932322A8BB58800E6AB92 /* model.swift in Sources */,
				FCC9321F2A8B537300E6AB92 /* ContentView.swift in Sources */,
				FCC932302A8BB56300E6AB92 /* courses.swift in Sources */,
				FCC932292A8B537500E6AB92 /* prognosis_.xcdatamodeld in Sources */,
				FCC9321D2A8B537300E6AB92 /* prognosis_App.swift in Sources */,
			);
			runOnlyForDeploymentPostprocessing = 0;
		};
/* End PBXSourcesBuildPhase section */

/* Begin XCBuildConfiguration section */
		FCC9322A2A8B537500E6AB92 /* Debug */ = {
			isa = XCBuildConfiguration;
			buildSettings = {
				ALWAYS_SEARCH_USER_PATHS = NO;
				CLANG_ANALYZER_NONNULL = YES;
				CLANG_ANALYZER_NUMBER_OBJECT_CONVERSION = YES_AGGRESSIVE;
				CLANG_CXX_LANGUAGE_STANDARD = "gnu++20";
				CLANG_ENABLE_MODULES = YES;
				CLANG_ENABLE_OBJC_ARC = YES;
				CLANG_ENABLE_OBJC_WEAK = YES;
				CLANG_WARN_BLOCK_CAPTURE_AUTORELEASING = YES;
				CLANG_WARN_BOOL_CONVERSION = YES;
				CLANG_WARN_COMMA = YES;
				CLANG_WARN_CONSTANT_CONVERSION = YES;
				CLANG_WARN_DEPRECATED_OBJC_IMPLEMENTATIONS = YES;
				CLANG_WARN_DIRECT_OBJC_ISA_USAGE = YES_ERROR;
				CLANG_WARN_DOCUMENTATION_COMMENTS = YES;
				CLANG_WARN_EMPTY_BODY = YES;
				CLANG_WARN_ENUM_CONVERSION = YES;
				CLANG_WARN_INFINITE_RECURSION = YES;
				CLANG_WARN_INT_CONVERSION = YES;
				CLANG_WARN_NON_LITERAL_NULL_CONVERSION = YES;
				CLANG_WARN_OBJC_IMPLICIT_RETAIN_SELF = YES;
				CLANG_WARN_OBJC_LITERAL_CONVERSION = YES;
				CLANG_WARN_OBJC_ROOT_CLASS = YES_ERROR;
				CLANG_WARN_QUOTED_INCLUDE_IN_FRAMEWORK_HEADER = YES;
				CLANG_WARN_RANGE_LOOP_ANALYSIS = YES;
				CLANG_WARN_STRICT_PROTOTYPES = YES;
				CLANG_WARN_SUSPICIOUS_MOVE = YES;
				CLANG_WARN_UNGUARDED_AVAILABILITY = YES_AGGRESSIVE;
				CLANG_WARN_UNREACHABLE_CODE = YES;
				CLANG_WARN__DUPLICATE_METHOD_MATCH = YES;
				COPY_PHASE_STRIP = NO;
				DEBUG_INFORMATION_FORMAT = dwarf;
				ENABLE_STRICT_OBJC_MSGSEND = YES;
				ENABLE_TESTABILITY = YES;
				GCC_C_LANGUAGE_STANDARD = gnu11;
				GCC_DYNAMIC_NO_PIC = NO;
				GCC_NO_COMMON_BLOCKS = YES;
				GCC_OPTIMIZATION_LEVEL = 0;
				GCC_PREPROCESSOR_DEFINITIONS = (
					"DEBUG=1",
					"$(inherited)",
				);
				GCC_WARN_64_TO_32_BIT_CONVERSION = YES;
				GCC_WARN_ABOUT_RETURN_TYPE = YES_ERROR;
				GCC_WARN_UNDECLARED_SELECTOR = YES;
				GCC_WARN_UNINITIALIZED_AUTOS = YES_AGGRESSIVE;
				GCC_WARN_UNUSED_FUNCTION = YES;
				GCC_WARN_UNUSED_VARIABLE = YES;
				IPHONEOS_DEPLOYMENT_TARGET = 16.4;
				MTL_ENABLE_DEBUG_INFO = INCLUDE_SOURCE;
				MTL_FAST_MATH = YES;
				ONLY_ACTIVE_ARCH = YES;
				SDKROOT = iphoneos;
				SWIFT_ACTIVE_COMPILATION_CONDITIONS = DEBUG;
				SWIFT_OPTIMIZATION_LEVEL = "-Onone";
			};
			name = Debug;
		};
		FCC9322B2A8B537500E6AB92 /* Release */ = {
			isa = XCBuildConfiguration;
			buildSettings = {
				ALWAYS_SEARCH_USER_PATHS = NO;
				CLANG_ANALYZER_NONNULL = YES;
				CLANG_ANALYZER_NUMBER_OBJECT_CONVERSION = YES_AGGRESSIVE;
				CLANG_CXX_LANGUAGE_STANDARD = "gnu++20";
				CLANG_ENABLE_MODULES = YES;
				CLANG_ENABLE_OBJC_ARC = YES;
				CLANG_ENABLE_OBJC_WEAK = YES;
				CLANG_WARN_BLOCK_CAPTURE_AUTORELEASING = YES;
				CLANG_WARN_BOOL_CONVERSION = YES;
				CLANG_WARN_COMMA = YES;
				CLANG_WARN_CONSTANT_CONVERSION = YES;
				CLANG_WARN_DEPRECATED_OBJC_IMPLEMENTATIONS = YES;
				CLANG_WARN_DIRECT_OBJC_ISA_USAGE = YES_ERROR;
				CLANG_WARN_DOCUMENTATION_COMMENTS = YES;
				CLANG_WARN_EMPTY_BODY = YES;
				CLANG_WARN_ENUM_CONVERSION = YES;
				CLANG_WARN_INFINITE_RECURSION = YES;
				CLANG_WARN_INT_CONVERSION = YES;
				CLANG_WARN_NON_LITERAL_NULL_CONVERSION = YES;
				CLANG_WARN_OBJC_IMPLICIT_RETAIN_SELF = YES;
				CLANG_WARN_OBJC_LITERAL_CONVERSION = YES;
				CLANG_WARN_OBJC_ROOT_CLASS = YES_ERROR;
				CLANG_WARN_QUOTED_INCLUDE_IN_FRAMEWORK_HEADER = YES;
				CLANG_WARN_RANGE_LOOP_ANALYSIS = YES;
				CLANG_WARN_STRICT_PROTOTYPES = YES;
				CLANG_WARN_SUSPICIOUS_MOVE = YES;
				CLANG_WARN_UNGUARDED_AVAILABILITY = YES_AGGRESSIVE;
				CLANG_WARN_UNREACHABLE_CODE = YES;
				CLANG_WARN__DUPLICATE_METHOD_MATCH = YES;
				COPY_PHASE_STRIP = NO;
				DEBUG_INFORMATION_FORMAT = "dwarf-with-dsym";
				ENABLE_NS_ASSERTIONS = NO;
				ENABLE_STRICT_OBJC_MSGSEND = YES;
				GCC_C_LANGUAGE_STANDARD = gnu11;
				GCC_NO_COMMON_BLOCKS = YES;
				GCC_WARN_64_TO_32_BIT_CONVERSION = YES;
				GCC_WARN_ABOUT_RETURN_TYPE = YES_ERROR;
				GCC_WARN_UNDECLARED_SELECTOR = YES;
				GCC_WARN_UNINITIALIZED_AUTOS = YES_AGGRESSIVE;
				GCC_WARN_UNUSED_FUNCTION = YES;
				GCC_WARN_UNUSED_VARIABLE = YES;
				IPHONEOS_DEPLOYMENT_TARGET = 16.4;
				MTL_ENABLE_DEBUG_INFO = NO;
				MTL_FAST_MATH = YES;
				SDKROOT = iphoneos;
				SWIFT_COMPILATION_MODE = wholemodule;
				SWIFT_OPTIMIZATION_LEVEL = "-O";
				VALIDATE_PRODUCT = YES;
			};
			name = Release;
		};
		FCC9322D2A8B537500E6AB92 /* Debug */ = {
			isa = XCBuildConfiguration;
			buildSettings = {
				ASSETCATALOG_COMPILER_APPICON_NAME = AppIcon;
				ASSETCATALOG_COMPILER_GLOBAL_ACCENT_COLOR_NAME = AccentColor;
				CODE_SIGN_STYLE = Automatic;
				CURRENT_PROJECT_VERSION = 1;
				DEVELOPMENT_ASSET_PATHS = "\"prognosis+/Preview Content\"";
				DEVELOPMENT_TEAM = 9HC34WDQFL;
				ENABLE_PREVIEWS = YES;
				GENERATE_INFOPLIST_FILE = YES;
				INFOPLIST_KEY_UIApplicationSceneManifest_Generation = YES;
				INFOPLIST_KEY_UIApplicationSupportsIndirectInputEvents = YES;
				INFOPLIST_KEY_UILaunchScreen_Generation = YES;
				INFOPLIST_KEY_UISupportedInterfaceOrientations_iPad = "UIInterfaceOrientationPortrait UIInterfaceOrientationPortraitUpsideDown UIInterfaceOrientationLandscapeLeft UIInterfaceOrientationLandscapeRight";
				INFOPLIST_KEY_UISupportedInterfaceOrientations_iPhone = "UIInterfaceOrientationPortrait UIInterfaceOrientationLandscapeLeft UIInterfaceOrientationLandscapeRight";
				LD_RUNPATH_SEARCH_PATHS = (
					"$(inherited)",
					"@executable_path/Frameworks",
				);
				MARKETING_VERSION = 1.0;
				PRODUCT_BUNDLE_IDENTIFIER = "com.umesh.prognosis-";
				PRODUCT_NAME = "$(TARGET_NAME)";
				SWIFT_EMIT_LOC_STRINGS = YES;
				SWIFT_VERSION = 5.0;
				TARGETED_DEVICE_FAMILY = "1,2";
			};
			name = Debug;
		};
		FCC9322E2A8B537500E6AB92 /* Release */ = {
			isa = XCBuildConfiguration;
			buildSettings = {
				ASSETCATALOG_COMPILER_APPICON_NAME = AppIcon;
				ASSETCATALOG_COMPILER_GLOBAL_ACCENT_COLOR_NAME = AccentColor;
				CODE_SIGN_STYLE = Automatic;
				CURRENT_PROJECT_VERSION = 1;
				DEVELOPMENT_ASSET_PATHS = "\"prognosis+/Preview Content\"";
				DEVELOPMENT_TEAM = 9HC34WDQFL;
				ENABLE_PREVIEWS = YES;
				GENERATE_INFOPLIST_FILE = YES;
				INFOPLIST_KEY_UIApplicationSceneManifest_Generation = YES;
				INFOPLIST_KEY_UIApplicationSupportsIndirectInputEvents = YES;
				INFOPLIST_KEY_UILaunchScreen_Generation = YES;
				INFOPLIST_KEY_UISupportedInterfaceOrientations_iPad = "UIInterfaceOrientationPortrait UIInterfaceOrientationPortraitUpsideDown UIInterfaceOrientationLandscapeLeft UIInterfaceOrientationLandscapeRight";
				INFOPLIST_KEY_UISupportedInterfaceOrientations_iPhone = "UIInterfaceOrientationPortrait UIInterfaceOrientationLandscapeLeft UIInterfaceOrientationLandscapeRight";
				LD_RUNPATH_SEARCH_PATHS = (
					"$(inherited)",
					"@executable_path/Frameworks",
				);
				MARKETING_VERSION = 1.0;
				PRODUCT_BUNDLE_IDENTIFIER = "com.umesh.prognosis-";
				PRODUCT_NAME = "$(TARGET_NAME)";
				SWIFT_EMIT_LOC_STRINGS = YES;
				SWIFT_VERSION = 5.0;
				TARGETED_DEVICE_FAMILY = "1,2";
			};
			name = Release;
		};
/* End XCBuildConfiguration section */

/* Begin XCConfigurationList section */
		FCC932142A8B537300E6AB92 /* Build configuration list for PBXProject "prognosis+" */ = {
			isa = XCConfigurationList;
			buildConfigurations = (
				FCC9322A2A8B537500E6AB92 /* Debug */,
				FCC9322B2A8B537500E6AB92 /* Release */,
			);
			defaultConfigurationIsVisible = 0;
			defaultConfigurationName = Release;
		};
		FCC9322C2A8B537500E6AB92 /* Build configuration list for PBXNativeTarget "prognosis+" */ = {
			isa = XCConfigurationList;
			buildConfigurations = (
				FCC9322D2A8B537500E6AB92 /* Debug */,
				FCC9322E2A8B537500E6AB92 /* Release */,
			);
			defaultConfigurationIsVisible = 0;
			defaultConfigurationName = Release;
		};
/* End XCConfigurationList section */

/* Begin XCVersionGroup section */
		FCC932272A8B537500E6AB92 /* prognosis_.xcdatamodeld */ = {
			isa = XCVersionGroup;
			children = (
				FCC932282A8B537500E6AB92 /* prognosis_.xcdatamodel */,
			);
			currentVersion = FCC932282A8B537500E6AB92 /* prognosis_.xcdatamodel */;
			path = prognosis_.xcdatamodeld;
			sourceTree = "<group>";
			versionGroupType = wrapper.xcdatamodel;
		};
/* End XCVersionGroup section */
	};
	rootObject = FCC932112A8B537300E6AB92 /* Project object */;
}
